
Microsoft Visual Studio Solution File, Format Version 11.00
# Visual Studio 2010
Project("{FAE04EC0-301F-11D3-BF4B-00C04F79EFBC}") = "HQConst", "HQConst\HQConst.csproj", "{97921FD5-8B9E-40D7-BB8D-26CE125BACEC}"
EndProject
Project("{FAE04EC0-301F-11D3-BF4B-00C04F79EFBC}") = "HQDevPlatform", "HQDevPlatform\HQDevPlatform.csproj", "{E71E44E3-32B1-4030-96EE-E8791515C689}"
EndProject
Project("{FAE04EC0-301F-11D3-BF4B-00C04F79EFBC}") = "HQPortal", "HQPortal\HQPortal.csproj", "{6961CA94-D276-41EC-B0AC-5343EEEABC50}"
EndProject
Project("{FAE04EC0-301F-11D3-BF4B-00C04F79EFBC}") = "HQCommon", "HQCommon\HQCommon.csproj", "{283C9286-23D9-4BE5-B604-AB276848E259}"
EndProject
Project("{FAE04EC0-301F-11D3-BF4B-00C04F79EFBC}") = "HQPartyManage", "HQPartyManage\HQPartyManage.csproj", "{4B2D8DBF-C266-4A6B-93E9-2B52A67EB058}"
EndProject
Global
	GlobalSection(SolutionConfigurationPlatforms) = preSolution
		Debug|Any CPU = Debug|Any CPU
		Release|Any CPU = Release|Any CPU
	EndGlobalSection
	GlobalSection(ProjectConfigurationPlatforms) = postSolution
		{97921FD5-8B9E-40D7-BB8D-26CE125BACEC}.Debug|Any CPU.ActiveCfg = Debug|Any CPU
		{97921FD5-8B9E-40D7-BB8D-26CE125BACEC}.Debug|Any CPU.Build.0 = Debug|Any CPU
		{97921FD5-8B9E-40D7-BB8D-26CE125BACEC}.Release|Any CPU.ActiveCfg = Release|Any CPU
		{97921FD5-8B9E-40D7-BB8D-26CE125BACEC}.Release|Any CPU.Build.0 = Release|Any CPU
		{E71E44E3-32B1-4030-96EE-E8791515C689}.Debug|Any CPU.ActiveCfg = Debug|Any CPU
		{E71E44E3-32B1-4030-96EE-E8791515C689}.Debug|Any CPU.Build.0 = Debug|Any CPU
		{E71E44E3-32B1-4030-96EE-E8791515C689}.Release|Any CPU.ActiveCfg = Release|Any CPU
		{E71E44E3-32B1-4030-96EE-E8791515C689}.Release|Any CPU.Build.0 = Release|Any CPU
		{6961CA94-D276-41EC-B0AC-5343EEEABC50}.Debug|Any CPU.ActiveCfg = Debug|Any CPU
		{6961CA94-D276-41EC-B0AC-5343EEEABC50}.Debug|Any CPU.Build.0 = Debug|Any CPU
		{6961CA94-D276-41EC-B0AC-5343EEEABC50}.Release|Any CPU.ActiveCfg = Release|Any CPU
		{6961CA94-D276-41EC-B0AC-5343EEEABC50}.Release|Any CPU.Build.0 = Release|Any CPU
		{283C9286-23D9-4BE5-B604-AB276848E259}.Debug|Any CPU.ActiveCfg = Debug|Any CPU
		{283C9286-23D9-4BE5-B604-AB276848E259}.Debug|Any CPU.Build.0 = Debug|Any CPU
		{283C9286-23D9-4BE5-B604-AB276848E259}.Release|Any CPU.ActiveCfg = Release|Any CPU
		{283C9286-23D9-4BE5-B604-AB276848E259}.Release|Any CPU.Build.0 = Release|Any CPU
		{4B2D8DBF-C266-4A6B-93E9-2B52A67EB058}.Debug|Any CPU.ActiveCfg = Debug|Any CPU
		{4B2D8DBF-C266-4A6B-93E9-2B52A67EB058}.Debug|Any CPU.Build.0 = Debug|Any CPU
		{4B2D8DBF-C266-4A6B-93E9-2B52A67EB058}.Release|Any CPU.ActiveCfg = Release|Any CPU
		{4B2D8DBF-C266-4A6B-93E9-2B52A67EB058}.Release|Any CPU.Build.0 = Release|Any CPU
	EndGlobalSection
	GlobalSection(SolutionProperties) = preSolution
		HideSolutionNode = FALSE
	EndGlobalSection
EndGlobal
